
Microsoft Visual Studio Solution File, Format Version 12.00
# Visual Studio Version 16
VisualStudioVersion = 16.0.33328.57
MinimumVisualStudioVersion = 10.0.40219.1
Project("{FAE04EC0-301F-11D3-BF4B-00C04F79EFBC}") = "OrientedColorScroll", "OrientedColorScroll\OrientedColorScroll.csproj", "{71FEADE6-37A4-49D3-9E75-C7162019CA34}"
EndProject
Global
	GlobalSection(SolutionConfigurationPlatforms) = preSolution
		Debug|Any CPU = Debug|Any CPU
		Release|Any CPU = Release|Any CPU
	EndGlobalSection
	GlobalSection(ProjectConfigurationPlatforms) = postSolution
		{71FEADE6-37A4-49D3-9E75-C7162019CA34}.Debug|Any CPU.ActiveCfg = Debug|Any CPU
		{71FEADE6-37A4-49D3-9E75-C7162019CA34}.Debug|Any CPU.Build.0 = Debug|Any CPU
		{71FEADE6-37A4-49D3-9E75-C7162019CA34}.Release|Any CPU.ActiveCfg = Release|Any CPU
		{71FEADE6-37A4-49D3-9E75-C7162019CA34}.Release|Any CPU.Build.0 = Release|Any CPU
	EndGlobalSection
	GlobalSection(SolutionProperties) = preSolution
		HideSolutionNode = FALSE
	EndGlobalSection
	GlobalSection(ExtensibilityGlobals) = postSolution
		SolutionGuid = {665E1BDB-553A-4085-A672-5DB94F2794AE}
	EndGlobalSection
EndGlobal
