
Microsoft Visual Studio Solution File, Format Version 12.00
# Visual Studio Version 16
VisualStudioVersion = 16.0.33328.57
MinimumVisualStudioVersion = 10.0.40219.1
Project("{FAE04EC0-301F-11D3-BF4B-00C04F79EFBC}") = "ColorList3", "ColorList3\ColorList3.csproj", "{5C5633F6-66D4-49FC-8588-6B01ECC2FC97}"
EndProject
Global
	GlobalSection(SolutionConfigurationPlatforms) = preSolution
		Debug|Any CPU = Debug|Any CPU
		Release|Any CPU = Release|Any CPU
	EndGlobalSection
	GlobalSection(ProjectConfigurationPlatforms) = postSolution
		{5C5633F6-66D4-49FC-8588-6B01ECC2FC97}.Debug|Any CPU.ActiveCfg = Debug|Any CPU
		{5C5633F6-66D4-49FC-8588-6B01ECC2FC97}.Debug|Any CPU.Build.0 = Debug|Any CPU
		{5C5633F6-66D4-49FC-8588-6B01ECC2FC97}.Release|Any CPU.ActiveCfg = Release|Any CPU
		{5C5633F6-66D4-49FC-8588-6B01ECC2FC97}.Release|Any CPU.Build.0 = Release|Any CPU
	EndGlobalSection
	GlobalSection(SolutionProperties) = preSolution
		HideSolutionNode = FALSE
	EndGlobalSection
	GlobalSection(ExtensibilityGlobals) = postSolution
		SolutionGuid = {235473C6-E275-42EF-A1C0-0DBDED1B630A}
	EndGlobalSection
EndGlobal
