
Microsoft Visual Studio Solution File, Format Version 12.00
# Visual Studio Version 16
VisualStudioVersion = 16.0.33328.57
MinimumVisualStudioVersion = 10.0.40219.1
Project("{FAE04EC0-301F-11D3-BF4B-00C04F79EFBC}") = "AlphabetBlocks", "AlphabetBlocks\AlphabetBlocks.csproj", "{C36B6EB5-4B42-4002-9C78-B8A568872C61}"
EndProject
Global
	GlobalSection(SolutionConfigurationPlatforms) = preSolution
		Debug|Any CPU = Debug|Any CPU
		Release|Any CPU = Release|Any CPU
	EndGlobalSection
	GlobalSection(ProjectConfigurationPlatforms) = postSolution
		{C36B6EB5-4B42-4002-9C78-B8A568872C61}.Debug|Any CPU.ActiveCfg = Debug|Any CPU
		{C36B6EB5-4B42-4002-9C78-B8A568872C61}.Debug|Any CPU.Build.0 = Debug|Any CPU
		{C36B6EB5-4B42-4002-9C78-B8A568872C61}.Release|Any CPU.ActiveCfg = Release|Any CPU
		{C36B6EB5-4B42-4002-9C78-B8A568872C61}.Release|Any CPU.Build.0 = Release|Any CPU
	EndGlobalSection
	GlobalSection(SolutionProperties) = preSolution
		HideSolutionNode = FALSE
	EndGlobalSection
	GlobalSection(ExtensibilityGlobals) = postSolution
		SolutionGuid = {14EF3D16-BB86-4578-8E30-F49AA8AACC05}
	EndGlobalSection
EndGlobal
