
Microsoft Visual Studio Solution File, Format Version 12.00
# Visual Studio Version 16
VisualStudioVersion = 16.0.33328.57
MinimumVisualStudioVersion = 10.0.40219.1
Project("{FAE04EC0-301F-11D3-BF4B-00C04F79EFBC}") = "HowToAsync1", "HowToAsync1\HowToAsync1.csproj", "{668E479B-D065-419A-ADEE-C6651B1100A2}"
EndProject
Global
	GlobalSection(SolutionConfigurationPlatforms) = preSolution
		Debug|Any CPU = Debug|Any CPU
		Release|Any CPU = Release|Any CPU
	EndGlobalSection
	GlobalSection(ProjectConfigurationPlatforms) = postSolution
		{668E479B-D065-419A-ADEE-C6651B1100A2}.Debug|Any CPU.ActiveCfg = Debug|Any CPU
		{668E479B-D065-419A-ADEE-C6651B1100A2}.Debug|Any CPU.Build.0 = Debug|Any CPU
		{668E479B-D065-419A-ADEE-C6651B1100A2}.Release|Any CPU.ActiveCfg = Release|Any CPU
		{668E479B-D065-419A-ADEE-C6651B1100A2}.Release|Any CPU.Build.0 = Release|Any CPU
	EndGlobalSection
	GlobalSection(SolutionProperties) = preSolution
		HideSolutionNode = FALSE
	EndGlobalSection
	GlobalSection(ExtensibilityGlobals) = postSolution
		SolutionGuid = {B5D7FDC9-FCDE-4D33-9EC1-9F45B778723E}
	EndGlobalSection
EndGlobal
