
Microsoft Visual Studio Solution File, Format Version 12.00
# Visual Studio Version 16
VisualStudioVersion = 16.0.33328.57
MinimumVisualStudioVersion = 10.0.40219.1
Project("{FAE04EC0-301F-11D3-BF4B-00C04F79EFBC}") = "ColorScrollWithViewModel", "ColorScrollWithViewModel\ColorScrollWithViewModel.csproj", "{9FF5C097-195C-4EC6-B988-3B8CEBF51E3C}"
EndProject
Global
	GlobalSection(SolutionConfigurationPlatforms) = preSolution
		Debug|Any CPU = Debug|Any CPU
		Release|Any CPU = Release|Any CPU
	EndGlobalSection
	GlobalSection(ProjectConfigurationPlatforms) = postSolution
		{9FF5C097-195C-4EC6-B988-3B8CEBF51E3C}.Debug|Any CPU.ActiveCfg = Debug|Any CPU
		{9FF5C097-195C-4EC6-B988-3B8CEBF51E3C}.Debug|Any CPU.Build.0 = Debug|Any CPU
		{9FF5C097-195C-4EC6-B988-3B8CEBF51E3C}.Release|Any CPU.ActiveCfg = Release|Any CPU
		{9FF5C097-195C-4EC6-B988-3B8CEBF51E3C}.Release|Any CPU.Build.0 = Release|Any CPU
	EndGlobalSection
	GlobalSection(SolutionProperties) = preSolution
		HideSolutionNode = FALSE
	EndGlobalSection
	GlobalSection(ExtensibilityGlobals) = postSolution
		SolutionGuid = {F7586D8B-2742-4307-A5A5-B26723C03EF9}
	EndGlobalSection
EndGlobal
