
Microsoft Visual Studio Solution File, Format Version 12.00
# Visual Studio Version 16
VisualStudioVersion = 16.0.33328.57
MinimumVisualStudioVersion = 10.0.40219.1
Project("{FAE04EC0-301F-11D3-BF4B-00C04F79EFBC}") = "ColorTextBoxes", "ColorTextBoxes\ColorTextBoxes.csproj", "{37AE308D-BA24-47C7-9244-DBC771A65464}"
EndProject
Global
	GlobalSection(SolutionConfigurationPlatforms) = preSolution
		Debug|Any CPU = Debug|Any CPU
		Release|Any CPU = Release|Any CPU
	EndGlobalSection
	GlobalSection(ProjectConfigurationPlatforms) = postSolution
		{37AE308D-BA24-47C7-9244-DBC771A65464}.Debug|Any CPU.ActiveCfg = Debug|Any CPU
		{37AE308D-BA24-47C7-9244-DBC771A65464}.Debug|Any CPU.Build.0 = Debug|Any CPU
		{37AE308D-BA24-47C7-9244-DBC771A65464}.Release|Any CPU.ActiveCfg = Release|Any CPU
		{37AE308D-BA24-47C7-9244-DBC771A65464}.Release|Any CPU.Build.0 = Release|Any CPU
	EndGlobalSection
	GlobalSection(SolutionProperties) = preSolution
		HideSolutionNode = FALSE
	EndGlobalSection
	GlobalSection(ExtensibilityGlobals) = postSolution
		SolutionGuid = {AA3943CB-A21A-4DF7-8E1B-D673133A8D04}
	EndGlobalSection
EndGlobal
