
Microsoft Visual Studio Solution File, Format Version 12.00
# Visual Studio Version 17
VisualStudioVersion = 17.10.35027.167
MinimumVisualStudioVersion = 10.0.40219.1
Project("{FAE04EC0-301F-11D3-BF4B-00C04F79EFBC}") = "AnimateDashOffset", "AnimateDashOffset\AnimateDashOffset.csproj", "{297359AC-2AC6-44CC-86AB-5C11E0BF1F97}"
EndProject
Global
	GlobalSection(SolutionConfigurationPlatforms) = preSolution
		Debug|ARM = Debug|ARM
		Debug|ARM64 = Debug|ARM64
		Debug|x64 = Debug|x64
		Debug|x86 = Debug|x86
		Release|ARM = Release|ARM
		Release|ARM64 = Release|ARM64
		Release|x64 = Release|x64
		Release|x86 = Release|x86
	EndGlobalSection
	GlobalSection(ProjectConfigurationPlatforms) = postSolution
		{297359AC-2AC6-44CC-86AB-5C11E0BF1F97}.Debug|ARM.ActiveCfg = Debug|ARM
		{297359AC-2AC6-44CC-86AB-5C11E0BF1F97}.Debug|ARM.Build.0 = Debug|ARM
		{297359AC-2AC6-44CC-86AB-5C11E0BF1F97}.Debug|ARM.Deploy.0 = Debug|ARM
		{297359AC-2AC6-44CC-86AB-5C11E0BF1F97}.Debug|ARM64.ActiveCfg = Debug|ARM64
		{297359AC-2AC6-44CC-86AB-5C11E0BF1F97}.Debug|ARM64.Build.0 = Debug|ARM64
		{297359AC-2AC6-44CC-86AB-5C11E0BF1F97}.Debug|ARM64.Deploy.0 = Debug|ARM64
		{297359AC-2AC6-44CC-86AB-5C11E0BF1F97}.Debug|x64.ActiveCfg = Debug|x64
		{297359AC-2AC6-44CC-86AB-5C11E0BF1F97}.Debug|x64.Build.0 = Debug|x64
		{297359AC-2AC6-44CC-86AB-5C11E0BF1F97}.Debug|x64.Deploy.0 = Debug|x64
		{297359AC-2AC6-44CC-86AB-5C11E0BF1F97}.Debug|x86.ActiveCfg = Debug|x86
		{297359AC-2AC6-44CC-86AB-5C11E0BF1F97}.Debug|x86.Build.0 = Debug|x86
		{297359AC-2AC6-44CC-86AB-5C11E0BF1F97}.Debug|x86.Deploy.0 = Debug|x86
		{297359AC-2AC6-44CC-86AB-5C11E0BF1F97}.Release|ARM.ActiveCfg = Release|ARM
		{297359AC-2AC6-44CC-86AB-5C11E0BF1F97}.Release|ARM.Build.0 = Release|ARM
		{297359AC-2AC6-44CC-86AB-5C11E0BF1F97}.Release|ARM.Deploy.0 = Release|ARM
		{297359AC-2AC6-44CC-86AB-5C11E0BF1F97}.Release|ARM64.ActiveCfg = Release|ARM64
		{297359AC-2AC6-44CC-86AB-5C11E0BF1F97}.Release|ARM64.Build.0 = Release|ARM64
		{297359AC-2AC6-44CC-86AB-5C11E0BF1F97}.Release|ARM64.Deploy.0 = Release|ARM64
		{297359AC-2AC6-44CC-86AB-5C11E0BF1F97}.Release|x64.ActiveCfg = Release|x64
		{297359AC-2AC6-44CC-86AB-5C11E0BF1F97}.Release|x64.Build.0 = Release|x64
		{297359AC-2AC6-44CC-86AB-5C11E0BF1F97}.Release|x64.Deploy.0 = Release|x64
		{297359AC-2AC6-44CC-86AB-5C11E0BF1F97}.Release|x86.ActiveCfg = Release|x86
		{297359AC-2AC6-44CC-86AB-5C11E0BF1F97}.Release|x86.Build.0 = Release|x86
		{297359AC-2AC6-44CC-86AB-5C11E0BF1F97}.Release|x86.Deploy.0 = Release|x86
	EndGlobalSection
	GlobalSection(SolutionProperties) = preSolution
		HideSolutionNode = FALSE
	EndGlobalSection
	GlobalSection(ExtensibilityGlobals) = postSolution
		SolutionGuid = {28987F20-FDE5-468B-828D-5490FCA43A27}
	EndGlobalSection
EndGlobal
