
Microsoft Visual Studio Solution File, Format Version 12.00
# Visual Studio Version 16
VisualStudioVersion = 16.0.33328.57
MinimumVisualStudioVersion = 10.0.40219.1
Project("{FAE04EC0-301F-11D3-BF4B-00C04F79EFBC}") = "Test1", "Test1\Test1.csproj", "{B51D8CA8-64BD-4F29-9D03-C810F182BA9C}"
EndProject
Global
	GlobalSection(SolutionConfigurationPlatforms) = preSolution
		Debug|Any CPU = Debug|Any CPU
		Release|Any CPU = Release|Any CPU
	EndGlobalSection
	GlobalSection(ProjectConfigurationPlatforms) = postSolution
		{B51D8CA8-64BD-4F29-9D03-C810F182BA9C}.Debug|Any CPU.ActiveCfg = Debug|Any CPU
		{B51D8CA8-64BD-4F29-9D03-C810F182BA9C}.Debug|Any CPU.Build.0 = Debug|Any CPU
		{B51D8CA8-64BD-4F29-9D03-C810F182BA9C}.Release|Any CPU.ActiveCfg = Release|Any CPU
		{B51D8CA8-64BD-4F29-9D03-C810F182BA9C}.Release|Any CPU.Build.0 = Release|Any CPU
	EndGlobalSection
	GlobalSection(SolutionProperties) = preSolution
		HideSolutionNode = FALSE
	EndGlobalSection
	GlobalSection(ExtensibilityGlobals) = postSolution
		SolutionGuid = {AD8083B4-C323-4CD4-AF77-9891DA19CD2F}
	EndGlobalSection
EndGlobal
